{
  "version": "5",
  "specifiers": {
    "jsr:@dprint/formatter@~0.4.1": "0.4.1",
    "jsr:@http/discovery@0.26": "0.26.0",
    "jsr:@http/fs@0.26": "0.26.0",
    "jsr:@http/generate@~0.26.1": "0.26.1",
    "jsr:@http/host-deno-deploy@0.26": "0.26.0",
    "jsr:@http/host-deno-local@0.26": "0.26.0",
    "jsr:@http/html-stream@0.8": "0.8.0",
    "jsr:@http/html-stream@0.8.0": "0.8.0",
    "jsr:@http/interceptor@0.26": "0.26.0",
    "jsr:@http/jsx-stream@~0.8.1": "0.8.1",
    "jsr:@http/request@0.26": "0.26.0",
    "jsr:@http/response@0.26": "0.26.0",
    "jsr:@http/route@0.26": "0.26.0",
    "jsr:@http/token-stream@0.8.0": "0.8.0",
    "jsr:@std/async@^1.0.14": "1.0.14",
    "jsr:@std/collections@^1.0.10": "1.1.3",
    "jsr:@std/encoding@^1.0.10": "1.0.10",
    "jsr:@std/html@^1.0.3": "1.0.4",
    "jsr:@std/http@^1.0.13": "1.0.20",
    "jsr:@std/internal@^1.0.10": "1.0.10",
    "jsr:@std/media-types@^1.1.0": "1.1.0",
    "jsr:@std/net@^1.0.4": "1.0.6",
    "jsr:@std/path@^1.0.8": "1.1.2",
    "jsr:@std/streams@^1.0.9": "1.0.12",
    "npm:@types/node@*": "24.2.0",
    "npm:gitlab-event-types@^3.0.1": "3.0.1",
    "npm:openai@^5.19.1": "5.19.1"
  },
  "jsr": {
    "@dprint/formatter@0.4.1": {
      "integrity": "96449ab83aa9f72df98caa5030d3f4a921c5c29d9b0e0d0da83d79e2024a9637"
    },
    "@http/discovery@0.26.0": {
      "integrity": "98096ad0c43d7dff5a5bf851e3afd107b1aafcd0a959c9036ceb0ffcbc5d98b0",
      "dependencies": [
        "jsr:@http/route",
        "jsr:@std/path"
      ]
    },
    "@http/fs@0.26.0": {
      "integrity": "064309d1741dabb7c8e4d351a1b409a7e4a9c91bfe06be8a310d94c677a55413",
      "dependencies": [
        "jsr:@http/response",
        "jsr:@std/http",
        "jsr:@std/media-types",
        "jsr:@std/path",
        "jsr:@std/streams"
      ]
    },
    "@http/generate@0.26.1": {
      "integrity": "ed4433fe4985004105f4f454befbac12fa7c47af909f8470d0e059579948a348",
      "dependencies": [
        "jsr:@dprint/formatter",
        "jsr:@http/discovery",
        "jsr:@http/route",
        "jsr:@std/path"
      ]
    },
    "@http/host-deno-deploy@0.26.0": {
      "integrity": "fc20935be17c57a36764e08229577e26f96b52dd4a1fb55cf78c54201a0f782b",
      "dependencies": [
        "jsr:@http/interceptor",
        "jsr:@http/route",
        "jsr:@std/http"
      ]
    },
    "@http/host-deno-local@0.26.0": {
      "integrity": "83c47b936d0c69adb6c340ccf50aee04f4aba6ba56a7fc7feae461d63a5675c7",
      "dependencies": [
        "jsr:@http/interceptor",
        "jsr:@http/route",
        "jsr:@std/net"
      ]
    },
    "@http/html-stream@0.8.0": {
      "integrity": "057ea639d69d713ea2ac927d4a9cd70ca8d92a322d07f9a6103c6f97f55aea02",
      "dependencies": [
        "jsr:@http/token-stream",
        "jsr:@std/html"
      ]
    },
    "@http/interceptor@0.26.0": {
      "integrity": "b630951e90592c6d88fb3c0263400816988d2a2faf8538d4130ba25a949d4a2f",
      "dependencies": [
        "jsr:@http/response",
        "jsr:@http/route"
      ]
    },
    "@http/jsx-stream@0.8.1": {
      "integrity": "1f3fefb21776809f50930052b42c3594cda546fa6d11f146064025ea488905e8",
      "dependencies": [
        "jsr:@http/html-stream@0.8.0",
        "jsr:@http/token-stream"
      ]
    },
    "@http/request@0.26.0": {
      "integrity": "3770c31e0fcdf51bb15f28a99a8d60b5755a33c8f5c4d7cac7fc7f38dea40c6f",
      "dependencies": [
        "jsr:@http/response"
      ]
    },
    "@http/response@0.26.0": {
      "integrity": "c6cc23a1678584dfc1a1bd9f78dd294e59a18a65976f8529e7e93b21f9ce2820",
      "dependencies": [
        "jsr:@std/http"
      ]
    },
    "@http/route@0.26.0": {
      "integrity": "6158fa245ca89ab2bc145efb43846e7eb3c903f4f0e0f4dbec91a1079e2aa1eb",
      "dependencies": [
        "jsr:@http/fs",
        "jsr:@http/response",
        "jsr:@std/collections",
        "jsr:@std/http",
        "jsr:@std/media-types",
        "jsr:@std/path"
      ]
    },
    "@http/token-stream@0.8.0": {
      "integrity": "24b93aa53aad985ee41a5e058202c979ab98108a2750e739cfa53de7455eef9e"
    },
    "@std/async@1.0.14": {
      "integrity": "62e954a418652c704d37563a3e54a37d4cf0268a9dcaeac1660cc652880b5326"
    },
    "@std/collections@1.1.3": {
      "integrity": "bf8b0818886df6a32b64c7d3b037a425111f28278d69fd0995aeb62777c986b0"
    },
    "@std/encoding@1.0.10": {
      "integrity": "8783c6384a2d13abd5e9e87a7ae0520a30e9f56aeeaa3bdf910a3eaaf5c811a1"
    },
    "@std/html@1.0.4": {
      "integrity": "eff3497c08164e6ada49b7f81a28b5108087033823153d065e3f89467dd3d50e"
    },
    "@std/http@1.0.20": {
      "integrity": "b5cc33fc001bccce65ed4c51815668c9891c69ccd908295997e983d8f56070a1",
      "dependencies": [
        "jsr:@std/encoding"
      ]
    },
    "@std/internal@1.0.10": {
      "integrity": "e3be62ce42cab0e177c27698e5d9800122f67b766a0bea6ca4867886cbde8cf7"
    },
    "@std/media-types@1.1.0": {
      "integrity": "c9d093f0c05c3512932b330e3cc1fe1d627b301db33a4c2c2185c02471d6eaa4"
    },
    "@std/net@1.0.6": {
      "integrity": "110735f93e95bb9feb95790a8b1d1bf69ec0dc74f3f97a00a76ea5efea25500c"
    },
    "@std/path@1.1.2": {
      "integrity": "c0b13b97dfe06546d5e16bf3966b1cadf92e1cc83e56ba5476ad8b498d9e3038",
      "dependencies": [
        "jsr:@std/internal"
      ]
    },
    "@std/streams@1.0.12": {
      "integrity": "ae925fa1dc459b1abf5cbaa28cc5c7b0485853af3b2a384b0dc22d86e59dfbf4"
    }
  },
  "npm": {
    "@types/node@24.2.0": {
      "integrity": "sha512-3xyG3pMCq3oYCNg7/ZP+E1ooTaGB4cG8JWRsqqOYQdbWNY4zbaV0Ennrd7stjiJEFZCaybcIgpTjJWHRfBSIDw==",
      "dependencies": [
        "undici-types"
      ]
    },
    "gitlab-event-types@3.0.1": {
      "integrity": "sha512-28zotk2FJSvJ33u6AbkULz5NkaPWEqKpKS+e8L14qmzTi8rCVEAVLk3xAMVzRQR6hDuhOYuzhiGM/DHmkSqqBQ=="
    },
    "openai@5.19.1": {
      "integrity": "sha512-zSqnUF7oR9ksmpusKkpUgkNrj8Sl57U+OyzO8jzc7LUjTMg4DRfR3uCm+EIMA6iw06sRPNp4t7ojp3sCpEUZRQ==",
      "bin": true
    },
    "undici-types@7.10.0": {
      "integrity": "sha512-t5Fy/nfn+14LuOc2KNYg75vZqClpAiqscVvMygNnlsHBFpSXdJaYtXMcdNLpl/Qvc3P2cB3s6lOV51nqsFq4ag=="
    }
  },
  "workspace": {
    "dependencies": [
      "jsr:@http/discovery@0.26",
      "jsr:@http/generate@~0.26.1",
      "jsr:@http/host-deno-deploy@0.26",
      "jsr:@http/host-deno-local@0.26",
      "jsr:@http/html-stream@0.8",
      "jsr:@http/interceptor@0.26",
      "jsr:@http/jsx-stream@~0.8.1",
      "jsr:@http/request@0.26",
      "jsr:@http/response@0.26",
      "jsr:@http/route@0.26",
      "jsr:@std/async@^1.0.14",
      "jsr:@std/encoding@^1.0.10",
      "npm:gitlab-event-types@^3.0.1",
      "npm:openai@^5.19.1"
    ]
  }
}
